
Microsoft Visual Studio Solution File, Format Version 12.00
# Visual Studio Version 16
VisualStudioVersion = 16.0.30413.136
MinimumVisualStudioVersion = 10.0.40219.1
Project("{FAE04EC0-301F-11D3-BF4B-00C04F79EFBC}") = "WebStoreApplication", "WebStoreApplication\WebStoreApplication.csproj", "{7841EDBE-F8BD-410B-9538-292147FD93BE}"
EndProject
Global
	GlobalSection(SolutionConfigurationPlatforms) = preSolution
		Debug|Any CPU = Debug|Any CPU
		Release|Any CPU = Release|Any CPU
	EndGlobalSection
	GlobalSection(ProjectConfigurationPlatforms) = postSolution
		{7841EDBE-F8BD-410B-9538-292147FD93BE}.Debug|Any CPU.ActiveCfg = Debug|Any CPU
		{7841EDBE-F8BD-410B-9538-292147FD93BE}.Debug|Any CPU.Build.0 = Debug|Any CPU
		{7841EDBE-F8BD-410B-9538-292147FD93BE}.Release|Any CPU.ActiveCfg = Release|Any CPU
		{7841EDBE-F8BD-410B-9538-292147FD93BE}.Release|Any CPU.Build.0 = Release|Any CPU
	EndGlobalSection
	GlobalSection(SolutionProperties) = preSolution
		HideSolutionNode = FALSE
	EndGlobalSection
	GlobalSection(ExtensibilityGlobals) = postSolution
		SolutionGuid = {AA9FF8D7-A851-43A9-BB78-C62DFD9C1F20}
	EndGlobalSection
EndGlobal
